// !$*UTF8*$!
{
	archiveVersion = 1;
	classes = {
	};
	objectVersion = 46;
	objects = {

/* Begin PBXBuildFile section */
		0494BCC117BE978E000947C0 /* blue_circle.png in Resources */ = {isa = PBXBuildFile; fileRef = 0494BCB817BE978E000947C0 /* blue_circle.png */; };
		0494BCC217BE978E000947C0 /* blue_square.png in Resources */ = {isa = PBXBuildFile; fileRef = 0494BCB917BE978E000947C0 /* blue_square.png */; };
		0494BCC317BE978E000947C0 /* blue_triangle.png in Resources */ = {isa = PBXBuildFile; fileRef = 0494BCBA17BE978E000947C0 /* blue_triangle.png */; };
		0494BCC417BE978E000947C0 /* green_circle.png in Resources */ = {isa = PBXBuildFile; fileRef = 0494BCBB17BE978E000947C0 /* green_circle.png */; };
		0494BCC517BE978E000947C0 /* green_square.png in Resources */ = {isa = PBXBuildFile; fileRef = 0494BCBC17BE978E000947C0 /* green_square.png */; };
		0494BCC617BE978E000947C0 /* green_triangle.png in Resources */ = {isa = PBXBuildFile; fileRef = 0494BCBD17BE978E000947C0 /* green_triangle.png */; };
		0494BCC717BE978E000947C0 /* pink_circle.png in Resources */ = {isa = PBXBuildFile; fileRef = 0494BCBE17BE978E000947C0 /* pink_circle.png */; };
		0494BCC817BE978E000947C0 /* pink_square.png in Resources */ = {isa = PBXBuildFile; fileRef = 0494BCBF17BE978E000947C0 /* pink_square.png */; };
		0494BCC917BE978E000947C0 /* pink_triangle.png in Resources */ = {isa = PBXBuildFile; fileRef = 0494BCC017BE978E000947C0 /* pink_triangle.png */; };
		0494BCCC17BE9A2E000947C0 /* ShapeView.m in Sources */ = {isa = PBXBuildFile; fileRef = 0494BCCB17BE9A2E000947C0 /* ShapeView.m */; };
		04E5726417BAC60800AD4441 /* UIKit.framework in Frameworks */ = {isa = PBXBuildFile; fileRef = 04E5726317BAC60800AD4441 /* UIKit.framework */; };
		04E5726617BAC60800AD4441 /* Foundation.framework in Frameworks */ = {isa = PBXBuildFile; fileRef = 04E5726517BAC60800AD4441 /* Foundation.framework */; };
		04E5726817BAC60800AD4441 /* CoreGraphics.framework in Frameworks */ = {isa = PBXBuildFile; fileRef = 04E5726717BAC60800AD4441 /* CoreGraphics.framework */; };
		04E5726E17BAC60800AD4441 /* InfoPlist.strings in Resources */ = {isa = PBXBuildFile; fileRef = 04E5726C17BAC60800AD4441 /* InfoPlist.strings */; };
		04E5727017BAC60800AD4441 /* main.m in Sources */ = {isa = PBXBuildFile; fileRef = 04E5726F17BAC60800AD4441 /* main.m */; };
		04E5727417BAC60800AD4441 /* AppDelegate.m in Sources */ = {isa = PBXBuildFile; fileRef = 04E5727317BAC60800AD4441 /* AppDelegate.m */; };
		04E5727617BAC60800AD4441 /* Default.png in Resources */ = {isa = PBXBuildFile; fileRef = 04E5727517BAC60800AD4441 /* Default.png */; };
		04E5727817BAC60800AD4441 /* Default@2x.png in Resources */ = {isa = PBXBuildFile; fileRef = 04E5727717BAC60800AD4441 /* Default@2x.png */; };
		04E5727A17BAC60800AD4441 /* Default-568h@2x.png in Resources */ = {isa = PBXBuildFile; fileRef = 04E5727917BAC60800AD4441 /* Default-568h@2x.png */; };
		04E5727D17BAC60800AD4441 /* MainStoryboard.storyboard in Resources */ = {isa = PBXBuildFile; fileRef = 04E5727B17BAC60800AD4441 /* MainStoryboard.storyboard */; };
		04E5728017BAC60800AD4441 /* ViewController.m in Sources */ = {isa = PBXBuildFile; fileRef = 04E5727F17BAC60800AD4441 /* ViewController.m */; };
		612BAC9017C69E8100F702E0 /* ColorButtons.m in Sources */ = {isa = PBXBuildFile; fileRef = 612BAC8F17C69E8100F702E0 /* ColorButtons.m */; };
		B8747CE017BDCDE9007DE7BF /* SwipeViewController.m in Sources */ = {isa = PBXBuildFile; fileRef = B8747CDF17BDCDE9007DE7BF /* SwipeViewController.m */; };
		B8747CE317BDCDF6007DE7BF /* FindTheObjectViewController.m in Sources */ = {isa = PBXBuildFile; fileRef = B8747CE217BDCDF6007DE7BF /* FindTheObjectViewController.m */; };
		B8747CE617BDCE01007DE7BF /* PressButtonViewController.m in Sources */ = {isa = PBXBuildFile; fileRef = B8747CE517BDCE01007DE7BF /* PressButtonViewController.m */; };
		B8747CEA17BDCEF1007DE7BF /* ContainerViewController.m in Sources */ = {isa = PBXBuildFile; fileRef = B8747CE917BDCEF1007DE7BF /* ContainerViewController.m */; };
		B8747CED17BDD5AF007DE7BF /* EmptySegue.m in Sources */ = {isa = PBXBuildFile; fileRef = B8747CEC17BDD5AF007DE7BF /* EmptySegue.m */; };
		B8C5CF1D17C2A0EE00D9A66E /* FUIAlertView.m in Sources */ = {isa = PBXBuildFile; fileRef = B8C5CEFA17C2A0EE00D9A66E /* FUIAlertView.m */; };
		B8C5CF1E17C2A0EE00D9A66E /* FUIButton.m in Sources */ = {isa = PBXBuildFile; fileRef = B8C5CEFC17C2A0EE00D9A66E /* FUIButton.m */; };
		B8C5CF1F17C2A0EE00D9A66E /* FUICellBackgroundView.m in Sources */ = {isa = PBXBuildFile; fileRef = B8C5CEFE17C2A0EE00D9A66E /* FUICellBackgroundView.m */; };
		B8C5CF2017C2A0EE00D9A66E /* FUIPopoverBackgroundView.m in Sources */ = {isa = PBXBuildFile; fileRef = B8C5CF0017C2A0EE00D9A66E /* FUIPopoverBackgroundView.m */; };
		B8C5CF2117C2A0EE00D9A66E /* FUISegmentedControl.m in Sources */ = {isa = PBXBuildFile; fileRef = B8C5CF0217C2A0EE00D9A66E /* FUISegmentedControl.m */; };
		B8C5CF2217C2A0EE00D9A66E /* FUISwitch.m in Sources */ = {isa = PBXBuildFile; fileRef = B8C5CF0417C2A0EE00D9A66E /* FUISwitch.m */; };
		B8C5CF2317C2A0EE00D9A66E /* UIBarButtonItem+FlatUI.m in Sources */ = {isa = PBXBuildFile; fileRef = B8C5CF0617C2A0EE00D9A66E /* UIBarButtonItem+FlatUI.m */; };
		B8C5CF2417C2A0EE00D9A66E /* UIColor+FlatUI.m in Sources */ = {isa = PBXBuildFile; fileRef = B8C5CF0817C2A0EE00D9A66E /* UIColor+FlatUI.m */; };
		B8C5CF2517C2A0EE00D9A66E /* UIFont+FlatUI.m in Sources */ = {isa = PBXBuildFile; fileRef = B8C5CF0A17C2A0EE00D9A66E /* UIFont+FlatUI.m */; };
		B8C5CF2617C2A0EE00D9A66E /* UIImage+FlatUI.m in Sources */ = {isa = PBXBuildFile; fileRef = B8C5CF0C17C2A0EE00D9A66E /* UIImage+FlatUI.m */; };
		B8C5CF2717C2A0EE00D9A66E /* UINavigationBar+FlatUI.m in Sources */ = {isa = PBXBuildFile; fileRef = B8C5CF0E17C2A0EE00D9A66E /* UINavigationBar+FlatUI.m */; };
		B8C5CF2817C2A0EE00D9A66E /* UIPopoverController+FlatUI.m in Sources */ = {isa = PBXBuildFile; fileRef = B8C5CF1017C2A0EE00D9A66E /* UIPopoverController+FlatUI.m */; };
		B8C5CF2917C2A0EE00D9A66E /* UIProgressView+FlatUI.m in Sources */ = {isa = PBXBuildFile; fileRef = B8C5CF1217C2A0EE00D9A66E /* UIProgressView+FlatUI.m */; };
		B8C5CF2A17C2A0EE00D9A66E /* UISlider+FlatUI.m in Sources */ = {isa = PBXBuildFile; fileRef = B8C5CF1417C2A0EE00D9A66E /* UISlider+FlatUI.m */; };
		B8C5CF2B17C2A0EE00D9A66E /* UIStepper+FlatUI.m in Sources */ = {isa = PBXBuildFile; fileRef = B8C5CF1617C2A0EE00D9A66E /* UIStepper+FlatUI.m */; };
		B8C5CF2C17C2A0EE00D9A66E /* UITabBar+FlatUI.m in Sources */ = {isa = PBXBuildFile; fileRef = B8C5CF1817C2A0EE00D9A66E /* UITabBar+FlatUI.m */; };
		B8C5CF2D17C2A0EE00D9A66E /* UITableViewCell+FlatUI.m in Sources */ = {isa = PBXBuildFile; fileRef = B8C5CF1A17C2A0EE00D9A66E /* UITableViewCell+FlatUI.m */; };
		B8C5CF2E17C2A0EE00D9A66E /* UIToolbar+FlatUI.m in Sources */ = {isa = PBXBuildFile; fileRef = B8C5CF1C17C2A0EE00D9A66E /* UIToolbar+FlatUI.m */; };
		B8C5CF3017C2A1B200D9A66E /* CoreText.framework in Frameworks */ = {isa = PBXBuildFile; fileRef = B8C5CF2F17C2A1B200D9A66E /* CoreText.framework */; };
		B8C5CF3317C3B4AF00D9A66E /* StartViewController.m in Sources */ = {isa = PBXBuildFile; fileRef = B8C5CF3217C3B4AF00D9A66E /* StartViewController.m */; };
		B8C5CF3F17C3B90B00D9A66E /* Lato-Black.ttf in Resources */ = {isa = PBXBuildFile; fileRef = B8C5CF3517C3B90B00D9A66E /* Lato-Black.ttf */; };
		B8C5CF4017C3B90B00D9A66E /* Lato-BlackItalic.ttf in Resources */ = {isa = PBXBuildFile; fileRef = B8C5CF3617C3B90B00D9A66E /* Lato-BlackItalic.ttf */; };
		B8C5CF4117C3B90B00D9A66E /* Lato-Bold.ttf in Resources */ = {isa = PBXBuildFile; fileRef = B8C5CF3717C3B90B00D9A66E /* Lato-Bold.ttf */; };
		B8C5CF4217C3B90B00D9A66E /* Lato-BoldItalic.ttf in Resources */ = {isa = PBXBuildFile; fileRef = B8C5CF3817C3B90B00D9A66E /* Lato-BoldItalic.ttf */; };
		B8C5CF4317C3B90B00D9A66E /* Lato-Hairline.ttf in Resources */ = {isa = PBXBuildFile; fileRef = B8C5CF3917C3B90B00D9A66E /* Lato-Hairline.ttf */; };
		B8C5CF4417C3B90B00D9A66E /* Lato-HairlineItalic.ttf in Resources */ = {isa = PBXBuildFile; fileRef = B8C5CF3A17C3B90B00D9A66E /* Lato-HairlineItalic.ttf */; };
		B8C5CF4517C3B90B00D9A66E /* Lato-Italic.ttf in Resources */ = {isa = PBXBuildFile; fileRef = B8C5CF3B17C3B90B00D9A66E /* Lato-Italic.ttf */; };
		B8C5CF4617C3B90B00D9A66E /* Lato-Light.ttf in Resources */ = {isa = PBXBuildFile; fileRef = B8C5CF3C17C3B90B00D9A66E /* Lato-Light.ttf */; };
		B8C5CF4717C3B90B00D9A66E /* Lato-LightItalic.ttf in Resources */ = {isa = PBXBuildFile; fileRef = B8C5CF3D17C3B90B00D9A66E /* Lato-LightItalic.ttf */; };
		B8C5CF4817C3B90B00D9A66E /* Lato-Regular.ttf in Resources */ = {isa = PBXBuildFile; fileRef = B8C5CF3E17C3B90B00D9A66E /* Lato-Regular.ttf */; };
		B8C5CF4B17C3FB8100D9A66E /* CompletedGameView.m in Sources */ = {isa = PBXBuildFile; fileRef = B8C5CF4A17C3FB8100D9A66E /* CompletedGameView.m */; };
/* End PBXBuildFile section */

/* Begin PBXFileReference section */
		0494BCB817BE978E000947C0 /* blue_circle.png */ = {isa = PBXFileReference; lastKnownFileType = image.png; path = blue_circle.png; sourceTree = "<group>"; };
		0494BCB917BE978E000947C0 /* blue_square.png */ = {isa = PBXFileReference; lastKnownFileType = image.png; path = blue_square.png; sourceTree = "<group>"; };
		0494BCBA17BE978E000947C0 /* blue_triangle.png */ = {isa = PBXFileReference; lastKnownFileType = image.png; path = blue_triangle.png; sourceTree = "<group>"; };
		0494BCBB17BE978E000947C0 /* green_circle.png */ = {isa = PBXFileReference; lastKnownFileType = image.png; path = green_circle.png; sourceTree = "<group>"; };
		0494BCBC17BE978E000947C0 /* green_square.png */ = {isa = PBXFileReference; lastKnownFileType = image.png; path = green_square.png; sourceTree = "<group>"; };
		0494BCBD17BE978E000947C0 /* green_triangle.png */ = {isa = PBXFileReference; lastKnownFileType = image.png; path = green_triangle.png; sourceTree = "<group>"; };
		0494BCBE17BE978E000947C0 /* pink_circle.png */ = {isa = PBXFileReference; lastKnownFileType = image.png; path = pink_circle.png; sourceTree = "<group>"; };
		0494BCBF17BE978E000947C0 /* pink_square.png */ = {isa = PBXFileReference; lastKnownFileType = image.png; path = pink_square.png; sourceTree = "<group>"; };
		0494BCC017BE978E000947C0 /* pink_triangle.png */ = {isa = PBXFileReference; lastKnownFileType = image.png; path = pink_triangle.png; sourceTree = "<group>"; };
		0494BCCA17BE9A2E000947C0 /* ShapeView.h */ = {isa = PBXFileReference; fileEncoding = 4; lastKnownFileType = sourcecode.c.h; path = ShapeView.h; sourceTree = "<group>"; };
		0494BCCB17BE9A2E000947C0 /* ShapeView.m */ = {isa = PBXFileReference; fileEncoding = 4; lastKnownFileType = sourcecode.c.objc; path = ShapeView.m; sourceTree = "<group>"; };
		0494BCCD17BE9A9A000947C0 /* PickedDelegate.h */ = {isa = PBXFileReference; lastKnownFileType = sourcecode.c.h; path = PickedDelegate.h; sourceTree = "<group>"; };
		04E5726017BAC60800AD4441 /* NickOfTime.app */ = {isa = PBXFileReference; explicitFileType = wrapper.application; includeInIndex = 0; path = NickOfTime.app; sourceTree = BUILT_PRODUCTS_DIR; };
		04E5726317BAC60800AD4441 /* UIKit.framework */ = {isa = PBXFileReference; lastKnownFileType = wrapper.framework; name = UIKit.framework; path = System/Library/Frameworks/UIKit.framework; sourceTree = SDKROOT; };
		04E5726517BAC60800AD4441 /* Foundation.framework */ = {isa = PBXFileReference; lastKnownFileType = wrapper.framework; name = Foundation.framework; path = System/Library/Frameworks/Foundation.framework; sourceTree = SDKROOT; };
		04E5726717BAC60800AD4441 /* CoreGraphics.framework */ = {isa = PBXFileReference; lastKnownFileType = wrapper.framework; name = CoreGraphics.framework; path = System/Library/Frameworks/CoreGraphics.framework; sourceTree = SDKROOT; };
		04E5726B17BAC60800AD4441 /* NickOfTime-Info.plist */ = {isa = PBXFileReference; lastKnownFileType = text.plist.xml; path = "NickOfTime-Info.plist"; sourceTree = "<group>"; };
		04E5726D17BAC60800AD4441 /* en */ = {isa = PBXFileReference; lastKnownFileType = text.plist.strings; name = en; path = en.lproj/InfoPlist.strings; sourceTree = "<group>"; };
		04E5726F17BAC60800AD4441 /* main.m */ = {isa = PBXFileReference; lastKnownFileType = sourcecode.c.objc; path = main.m; sourceTree = "<group>"; };
		04E5727117BAC60800AD4441 /* NickOfTime-Prefix.pch */ = {isa = PBXFileReference; lastKnownFileType = sourcecode.c.h; path = "NickOfTime-Prefix.pch"; sourceTree = "<group>"; };
		04E5727217BAC60800AD4441 /* AppDelegate.h */ = {isa = PBXFileReference; lastKnownFileType = sourcecode.c.h; path = AppDelegate.h; sourceTree = "<group>"; };
		04E5727317BAC60800AD4441 /* AppDelegate.m */ = {isa = PBXFileReference; lastKnownFileType = sourcecode.c.objc; path = AppDelegate.m; sourceTree = "<group>"; };
		04E5727517BAC60800AD4441 /* Default.png */ = {isa = PBXFileReference; lastKnownFileType = image.png; path = Default.png; sourceTree = "<group>"; };
		04E5727717BAC60800AD4441 /* Default@2x.png */ = {isa = PBXFileReference; lastKnownFileType = image.png; path = "Default@2x.png"; sourceTree = "<group>"; };
		04E5727917BAC60800AD4441 /* Default-568h@2x.png */ = {isa = PBXFileReference; lastKnownFileType = image.png; path = "Default-568h@2x.png"; sourceTree = "<group>"; };
		04E5727C17BAC60800AD4441 /* en */ = {isa = PBXFileReference; lastKnownFileType = file.storyboard; name = en; path = en.lproj/MainStoryboard.storyboard; sourceTree = "<group>"; };
		04E5727E17BAC60800AD4441 /* ViewController.h */ = {isa = PBXFileReference; lastKnownFileType = sourcecode.c.h; path = ViewController.h; sourceTree = "<group>"; };
		04E5727F17BAC60800AD4441 /* ViewController.m */ = {isa = PBXFileReference; lastKnownFileType = sourcecode.c.objc; path = ViewController.m; sourceTree = "<group>"; };
		612BAC8E17C69E8100F702E0 /* ColorButtons.h */ = {isa = PBXFileReference; fileEncoding = 4; lastKnownFileType = sourcecode.c.h; path = ColorButtons.h; sourceTree = "<group>"; };
		612BAC8F17C69E8100F702E0 /* ColorButtons.m */ = {isa = PBXFileReference; fileEncoding = 4; lastKnownFileType = sourcecode.c.objc; path = ColorButtons.m; sourceTree = "<group>"; };
		612BAC9117C69EAD00F702E0 /* PressDelegate.h */ = {isa = PBXFileReference; lastKnownFileType = sourcecode.c.h; name = PressDelegate.h; path = ../PressDelegate.h; sourceTree = "<group>"; };
		B8747CDE17BDCDE9007DE7BF /* SwipeViewController.h */ = {isa = PBXFileReference; fileEncoding = 4; lastKnownFileType = sourcecode.c.h; path = SwipeViewController.h; sourceTree = "<group>"; };
		B8747CDF17BDCDE9007DE7BF /* SwipeViewController.m */ = {isa = PBXFileReference; fileEncoding = 4; lastKnownFileType = sourcecode.c.objc; path = SwipeViewController.m; sourceTree = "<group>"; };
		B8747CE117BDCDF6007DE7BF /* FindTheObjectViewController.h */ = {isa = PBXFileReference; fileEncoding = 4; lastKnownFileType = sourcecode.c.h; path = FindTheObjectViewController.h; sourceTree = "<group>"; };
		B8747CE217BDCDF6007DE7BF /* FindTheObjectViewController.m */ = {isa = PBXFileReference; fileEncoding = 4; lastKnownFileType = sourcecode.c.objc; path = FindTheObjectViewController.m; sourceTree = "<group>"; };
		B8747CE417BDCE01007DE7BF /* PressButtonViewController.h */ = {isa = PBXFileReference; fileEncoding = 4; lastKnownFileType = sourcecode.c.h; path = PressButtonViewController.h; sourceTree = "<group>"; };
		B8747CE517BDCE01007DE7BF /* PressButtonViewController.m */ = {isa = PBXFileReference; fileEncoding = 4; lastKnownFileType = sourcecode.c.objc; path = PressButtonViewController.m; sourceTree = "<group>"; };
		B8747CE817BDCEF1007DE7BF /* ContainerViewController.h */ = {isa = PBXFileReference; fileEncoding = 4; lastKnownFileType = sourcecode.c.h; path = ContainerViewController.h; sourceTree = "<group>"; };
		B8747CE917BDCEF1007DE7BF /* ContainerViewController.m */ = {isa = PBXFileReference; fileEncoding = 4; lastKnownFileType = sourcecode.c.objc; path = ContainerViewController.m; sourceTree = "<group>"; };
		B8747CEB17BDD5AF007DE7BF /* EmptySegue.h */ = {isa = PBXFileReference; fileEncoding = 4; lastKnownFileType = sourcecode.c.h; name = EmptySegue.h; path = ../EmptySegue.h; sourceTree = "<group>"; };
		B8747CEC17BDD5AF007DE7BF /* EmptySegue.m */ = {isa = PBXFileReference; fileEncoding = 4; lastKnownFileType = sourcecode.c.objc; name = EmptySegue.m; path = ../EmptySegue.m; sourceTree = "<group>"; };
		B8C5CEF817C2A0EE00D9A66E /* FlatUIKit.h */ = {isa = PBXFileReference; fileEncoding = 4; lastKnownFileType = sourcecode.c.h; path = FlatUIKit.h; sourceTree = "<group>"; };
		B8C5CEF917C2A0EE00D9A66E /* FUIAlertView.h */ = {isa = PBXFileReference; fileEncoding = 4; lastKnownFileType = sourcecode.c.h; path = FUIAlertView.h; sourceTree = "<group>"; };
		B8C5CEFA17C2A0EE00D9A66E /* FUIAlertView.m */ = {isa = PBXFileReference; fileEncoding = 4; lastKnownFileType = sourcecode.c.objc; path = FUIAlertView.m; sourceTree = "<group>"; };
		B8C5CEFB17C2A0EE00D9A66E /* FUIButton.h */ = {isa = PBXFileReference; fileEncoding = 4; lastKnownFileType = sourcecode.c.h; path = FUIButton.h; sourceTree = "<group>"; };
		B8C5CEFC17C2A0EE00D9A66E /* FUIButton.m */ = {isa = PBXFileReference; fileEncoding = 4; lastKnownFileType = sourcecode.c.objc; path = FUIButton.m; sourceTree = "<group>"; };
		B8C5CEFD17C2A0EE00D9A66E /* FUICellBackgroundView.h */ = {isa = PBXFileReference; fileEncoding = 4; lastKnownFileType = sourcecode.c.h; path = FUICellBackgroundView.h; sourceTree = "<group>"; };
		B8C5CEFE17C2A0EE00D9A66E /* FUICellBackgroundView.m */ = {isa = PBXFileReference; fileEncoding = 4; lastKnownFileType = sourcecode.c.objc; path = FUICellBackgroundView.m; sourceTree = "<group>"; };
		B8C5CEFF17C2A0EE00D9A66E /* FUIPopoverBackgroundView.h */ = {isa = PBXFileReference; fileEncoding = 4; lastKnownFileType = sourcecode.c.h; path = FUIPopoverBackgroundView.h; sourceTree = "<group>"; };
		B8C5CF0017C2A0EE00D9A66E /* FUIPopoverBackgroundView.m */ = {isa = PBXFileReference; fileEncoding = 4; lastKnownFileType = sourcecode.c.objc; path = FUIPopoverBackgroundView.m; sourceTree = "<group>"; };
		B8C5CF0117C2A0EE00D9A66E /* FUISegmentedControl.h */ = {isa = PBXFileReference; fileEncoding = 4; lastKnownFileType = sourcecode.c.h; path = FUISegmentedControl.h; sourceTree = "<group>"; };
		B8C5CF0217C2A0EE00D9A66E /* FUISegmentedControl.m */ = {isa = PBXFileReference; fileEncoding = 4; lastKnownFileType = sourcecode.c.objc; path = FUISegmentedControl.m; sourceTree = "<group>"; };
		B8C5CF0317C2A0EE00D9A66E /* FUISwitch.h */ = {isa = PBXFileReference; fileEncoding = 4; lastKnownFileType = sourcecode.c.h; path = FUISwitch.h; sourceTree = "<group>"; };
		B8C5CF0417C2A0EE00D9A66E /* FUISwitch.m */ = {isa = PBXFileReference; fileEncoding = 4; lastKnownFileType = sourcecode.c.objc; path = FUISwitch.m; sourceTree = "<group>"; };
		B8C5CF0517C2A0EE00D9A66E /* UIBarButtonItem+FlatUI.h */ = {isa = PBXFileReference; fileEncoding = 4; lastKnownFileType = sourcecode.c.h; path = "UIBarButtonItem+FlatUI.h"; sourceTree = "<group>"; };
		B8C5CF0617C2A0EE00D9A66E /* UIBarButtonItem+FlatUI.m */ = {isa = PBXFileReference; fileEncoding = 4; lastKnownFileType = sourcecode.c.objc; path = "UIBarButtonItem+FlatUI.m"; sourceTree = "<group>"; };
		B8C5CF0717C2A0EE00D9A66E /* UIColor+FlatUI.h */ = {isa = PBXFileReference; fileEncoding = 4; lastKnownFileType = sourcecode.c.h; path = "UIColor+FlatUI.h"; sourceTree = "<group>"; };
		B8C5CF0817C2A0EE00D9A66E /* UIColor+FlatUI.m */ = {isa = PBXFileReference; fileEncoding = 4; lastKnownFileType = sourcecode.c.objc; path = "UIColor+FlatUI.m"; sourceTree = "<group>"; };
		B8C5CF0917C2A0EE00D9A66E /* UIFont+FlatUI.h */ = {isa = PBXFileReference; fileEncoding = 4; lastKnownFileType = sourcecode.c.h; path = "UIFont+FlatUI.h"; sourceTree = "<group>"; };
		B8C5CF0A17C2A0EE00D9A66E /* UIFont+FlatUI.m */ = {isa = PBXFileReference; fileEncoding = 4; lastKnownFileType = sourcecode.c.objc; path = "UIFont+FlatUI.m"; sourceTree = "<group>"; };
		B8C5CF0B17C2A0EE00D9A66E /* UIImage+FlatUI.h */ = {isa = PBXFileReference; fileEncoding = 4; lastKnownFileType = sourcecode.c.h; path = "UIImage+FlatUI.h"; sourceTree = "<group>"; };
		B8C5CF0C17C2A0EE00D9A66E /* UIImage+FlatUI.m */ = {isa = PBXFileReference; fileEncoding = 4; lastKnownFileType = sourcecode.c.objc; path = "UIImage+FlatUI.m"; sourceTree = "<group>"; };
		B8C5CF0D17C2A0EE00D9A66E /* UINavigationBar+FlatUI.h */ = {isa = PBXFileReference; fileEncoding = 4; lastKnownFileType = sourcecode.c.h; path = "UINavigationBar+FlatUI.h"; sourceTree = "<group>"; };
		B8C5CF0E17C2A0EE00D9A66E /* UINavigationBar+FlatUI.m */ = {isa = PBXFileReference; fileEncoding = 4; lastKnownFileType = sourcecode.c.objc; path = "UINavigationBar+FlatUI.m"; sourceTree = "<group>"; };
		B8C5CF0F17C2A0EE00D9A66E /* UIPopoverController+FlatUI.h */ = {isa = PBXFileReference; fileEncoding = 4; lastKnownFileType = sourcecode.c.h; path = "UIPopoverController+FlatUI.h"; sourceTree = "<group>"; };
		B8C5CF1017C2A0EE00D9A66E /* UIPopoverController+FlatUI.m */ = {isa = PBXFileReference; fileEncoding = 4; lastKnownFileType = sourcecode.c.objc; path = "UIPopoverController+FlatUI.m"; sourceTree = "<group>"; };
		B8C5CF1117C2A0EE00D9A66E /* UIProgressView+FlatUI.h */ = {isa = PBXFileReference; fileEncoding = 4; lastKnownFileType = sourcecode.c.h; path = "UIProgressView+FlatUI.h"; sourceTree = "<group>"; };
		B8C5CF1217C2A0EE00D9A66E /* UIProgressView+FlatUI.m */ = {isa = PBXFileReference; fileEncoding = 4; lastKnownFileType = sourcecode.c.objc; path = "UIProgressView+FlatUI.m"; sourceTree = "<group>"; };
		B8C5CF1317C2A0EE00D9A66E /* UISlider+FlatUI.h */ = {isa = PBXFileReference; fileEncoding = 4; lastKnownFileType = sourcecode.c.h; path = "UISlider+FlatUI.h"; sourceTree = "<group>"; };
		B8C5CF1417C2A0EE00D9A66E /* UISlider+FlatUI.m */ = {isa = PBXFileReference; fileEncoding = 4; lastKnownFileType = sourcecode.c.objc; path = "UISlider+FlatUI.m"; sourceTree = "<group>"; };
		B8C5CF1517C2A0EE00D9A66E /* UIStepper+FlatUI.h */ = {isa = PBXFileReference; fileEncoding = 4; lastKnownFileType = sourcecode.c.h; path = "UIStepper+FlatUI.h"; sourceTree = "<group>"; };
		B8C5CF1617C2A0EE00D9A66E /* UIStepper+FlatUI.m */ = {isa = PBXFileReference; fileEncoding = 4; lastKnownFileType = sourcecode.c.objc; path = "UIStepper+FlatUI.m"; sourceTree = "<group>"; };
		B8C5CF1717C2A0EE00D9A66E /* UITabBar+FlatUI.h */ = {isa = PBXFileReference; fileEncoding = 4; lastKnownFileType = sourcecode.c.h; path = "UITabBar+FlatUI.h"; sourceTree = "<group>"; };
		B8C5CF1817C2A0EE00D9A66E /* UITabBar+FlatUI.m */ = {isa = PBXFileReference; fileEncoding = 4; lastKnownFileType = sourcecode.c.objc; path = "UITabBar+FlatUI.m"; sourceTree = "<group>"; };
		B8C5CF1917C2A0EE00D9A66E /* UITableViewCell+FlatUI.h */ = {isa = PBXFileReference; fileEncoding = 4; lastKnownFileType = sourcecode.c.h; path = "UITableViewCell+FlatUI.h"; sourceTree = "<group>"; };
		B8C5CF1A17C2A0EE00D9A66E /* UITableViewCell+FlatUI.m */ = {isa = PBXFileReference; fileEncoding = 4; lastKnownFileType = sourcecode.c.objc; path = "UITableViewCell+FlatUI.m"; sourceTree = "<group>"; };
		B8C5CF1B17C2A0EE00D9A66E /* UIToolbar+FlatUI.h */ = {isa = PBXFileReference; fileEncoding = 4; lastKnownFileType = sourcecode.c.h; path = "UIToolbar+FlatUI.h"; sourceTree = "<group>"; };
		B8C5CF1C17C2A0EE00D9A66E /* UIToolbar+FlatUI.m */ = {isa = PBXFileReference; fileEncoding = 4; lastKnownFileType = sourcecode.c.objc; path = "UIToolbar+FlatUI.m"; sourceTree = "<group>"; };
		B8C5CF2F17C2A1B200D9A66E /* CoreText.framework */ = {isa = PBXFileReference; lastKnownFileType = wrapper.framework; name = CoreText.framework; path = System/Library/Frameworks/CoreText.framework; sourceTree = SDKROOT; };
		B8C5CF3117C3B4AF00D9A66E /* StartViewController.h */ = {isa = PBXFileReference; fileEncoding = 4; lastKnownFileType = sourcecode.c.h; path = StartViewController.h; sourceTree = "<group>"; };
		B8C5CF3217C3B4AF00D9A66E /* StartViewController.m */ = {isa = PBXFileReference; fileEncoding = 4; lastKnownFileType = sourcecode.c.objc; path = StartViewController.m; sourceTree = "<group>"; };
		B8C5CF3517C3B90B00D9A66E /* Lato-Black.ttf */ = {isa = PBXFileReference; lastKnownFileType = file; path = "Lato-Black.ttf"; sourceTree = "<group>"; };
		B8C5CF3617C3B90B00D9A66E /* Lato-BlackItalic.ttf */ = {isa = PBXFileReference; lastKnownFileType = file; path = "Lato-BlackItalic.ttf"; sourceTree = "<group>"; };
		B8C5CF3717C3B90B00D9A66E /* Lato-Bold.ttf */ = {isa = PBXFileReference; lastKnownFileType = file; path = "Lato-Bold.ttf"; sourceTree = "<group>"; };
		B8C5CF3817C3B90B00D9A66E /* Lato-BoldItalic.ttf */ = {isa = PBXFileReference; lastKnownFileType = file; path = "Lato-BoldItalic.ttf"; sourceTree = "<group>"; };
		B8C5CF3917C3B90B00D9A66E /* Lato-Hairline.ttf */ = {isa = PBXFileReference; lastKnownFileType = file; path = "Lato-Hairline.ttf"; sourceTree = "<group>"; };
		B8C5CF3A17C3B90B00D9A66E /* Lato-HairlineItalic.ttf */ = {isa = PBXFileReference; lastKnownFileType = file; path = "Lato-HairlineItalic.ttf"; sourceTree = "<group>"; };
		B8C5CF3B17C3B90B00D9A66E /* Lato-Italic.ttf */ = {isa = PBXFileReference; lastKnownFileType = file; path = "Lato-Italic.ttf"; sourceTree = "<group>"; };
		B8C5CF3C17C3B90B00D9A66E /* Lato-Light.ttf */ = {isa = PBXFileReference; lastKnownFileType = file; path = "Lato-Light.ttf"; sourceTree = "<group>"; };
		B8C5CF3D17C3B90B00D9A66E /* Lato-LightItalic.ttf */ = {isa = PBXFileReference; lastKnownFileType = file; path = "Lato-LightItalic.ttf"; sourceTree = "<group>"; };
		B8C5CF3E17C3B90B00D9A66E /* Lato-Regular.ttf */ = {isa = PBXFileReference; lastKnownFileType = file; path = "Lato-Regular.ttf"; sourceTree = "<group>"; };
		B8C5CF4917C3FB8100D9A66E /* CompletedGameView.h */ = {isa = PBXFileReference; fileEncoding = 4; lastKnownFileType = sourcecode.c.h; path = CompletedGameView.h; sourceTree = "<group>"; };
		B8C5CF4A17C3FB8100D9A66E /* CompletedGameView.m */ = {isa = PBXFileReference; fileEncoding = 4; lastKnownFileType = sourcecode.c.objc; path = CompletedGameView.m; sourceTree = "<group>"; };
		B8C5CF4C17C3FE8800D9A66E /* WinOrLoseDelegate.h */ = {isa = PBXFileReference; lastKnownFileType = sourcecode.c.h; path = WinOrLoseDelegate.h; sourceTree = "<group>"; };
/* End PBXFileReference section */

/* Begin PBXFrameworksBuildPhase section */
		04E5725D17BAC60800AD4441 /* Frameworks */ = {
			isa = PBXFrameworksBuildPhase;
			buildActionMask = 2147483647;
			files = (
				B8C5CF3017C2A1B200D9A66E /* CoreText.framework in Frameworks */,
				04E5726417BAC60800AD4441 /* UIKit.framework in Frameworks */,
				04E5726617BAC60800AD4441 /* Foundation.framework in Frameworks */,
				04E5726817BAC60800AD4441 /* CoreGraphics.framework in Frameworks */,
			);
			runOnlyForDeploymentPostprocessing = 0;
		};
/* End PBXFrameworksBuildPhase section */

/* Begin PBXGroup section */
		0494BCB717BE9719000947C0 /* Pictures */ = {
			isa = PBXGroup;
			children = (
				0494BCB817BE978E000947C0 /* blue_circle.png */,
				0494BCB917BE978E000947C0 /* blue_square.png */,
				0494BCBA17BE978E000947C0 /* blue_triangle.png */,
				0494BCBB17BE978E000947C0 /* green_circle.png */,
				0494BCBC17BE978E000947C0 /* green_square.png */,
				0494BCBD17BE978E000947C0 /* green_triangle.png */,
				0494BCBE17BE978E000947C0 /* pink_circle.png */,
				0494BCBF17BE978E000947C0 /* pink_square.png */,
				0494BCC017BE978E000947C0 /* pink_triangle.png */,
			);
			name = Pictures;
			sourceTree = "<group>";
		};
		04E5725717BAC60800AD4441 = {
			isa = PBXGroup;
			children = (
				04E5726917BAC60800AD4441 /* NickOfTime */,
				04E5726217BAC60800AD4441 /* Frameworks */,
				04E5726117BAC60800AD4441 /* Products */,
				B8C5CEF517C2A0C400D9A66E /* FlatUI_Classes */,
			);
			sourceTree = "<group>";
		};
		04E5726117BAC60800AD4441 /* Products */ = {
			isa = PBXGroup;
			children = (
				04E5726017BAC60800AD4441 /* NickOfTime.app */,
			);
			name = Products;
			sourceTree = "<group>";
		};
		04E5726217BAC60800AD4441 /* Frameworks */ = {
			isa = PBXGroup;
			children = (
				B8C5CF2F17C2A1B200D9A66E /* CoreText.framework */,
				04E5726317BAC60800AD4441 /* UIKit.framework */,
				04E5726517BAC60800AD4441 /* Foundation.framework */,
				04E5726717BAC60800AD4441 /* CoreGraphics.framework */,
			);
			name = Frameworks;
			sourceTree = "<group>";
		};
		04E5726917BAC60800AD4441 /* NickOfTime */ = {
			isa = PBXGroup;
			children = (
				B8747CE717BDCE07007DE7BF /* ViewControllers */,
				04E5727217BAC60800AD4441 /* AppDelegate.h */,
				04E5727317BAC60800AD4441 /* AppDelegate.m */,
				B8747CEB17BDD5AF007DE7BF /* EmptySegue.h */,
				B8747CEC17BDD5AF007DE7BF /* EmptySegue.m */,
				04E5727B17BAC60800AD4441 /* MainStoryboard.storyboard */,
				612BAC8E17C69E8100F702E0 /* ColorButtons.h */,
				612BAC8F17C69E8100F702E0 /* ColorButtons.m */,
				612BAC9117C69EAD00F702E0 /* PressDelegate.h */,
				0494BCCA17BE9A2E000947C0 /* ShapeView.h */,
				0494BCCB17BE9A2E000947C0 /* ShapeView.m */,
				0494BCCD17BE9A9A000947C0 /* PickedDelegate.h */,
				B8C5CF4917C3FB8100D9A66E /* CompletedGameView.h */,
				B8C5CF4A17C3FB8100D9A66E /* CompletedGameView.m */,
				0494BCB717BE9719000947C0 /* Pictures */,
				04E5726A17BAC60800AD4441 /* Supporting Files */,
			);
			path = NickOfTime;
			sourceTree = "<group>";
		};
		04E5726A17BAC60800AD4441 /* Supporting Files */ = {
			isa = PBXGroup;
			children = (
				B8C5CF3417C3B90B00D9A66E /* Resources */,
				04E5726B17BAC60800AD4441 /* NickOfTime-Info.plist */,
				04E5726C17BAC60800AD4441 /* InfoPlist.strings */,
				04E5726F17BAC60800AD4441 /* main.m */,
				04E5727117BAC60800AD4441 /* NickOfTime-Prefix.pch */,
				04E5727517BAC60800AD4441 /* Default.png */,
				04E5727717BAC60800AD4441 /* Default@2x.png */,
				04E5727917BAC60800AD4441 /* Default-568h@2x.png */,
			);
			name = "Supporting Files";
			sourceTree = "<group>";
		};
		B8747CE717BDCE07007DE7BF /* ViewControllers */ = {
			isa = PBXGroup;
			children = (
				B8747CDE17BDCDE9007DE7BF /* SwipeViewController.h */,
				B8747CDF17BDCDE9007DE7BF /* SwipeViewController.m */,
				B8747CE117BDCDF6007DE7BF /* FindTheObjectViewController.h */,
				B8747CE217BDCDF6007DE7BF /* FindTheObjectViewController.m */,
				B8747CE417BDCE01007DE7BF /* PressButtonViewController.h */,
				B8747CE517BDCE01007DE7BF /* PressButtonViewController.m */,
				04E5727E17BAC60800AD4441 /* ViewController.h */,
				04E5727F17BAC60800AD4441 /* ViewController.m */,
				B8C5CF4C17C3FE8800D9A66E /* WinOrLoseDelegate.h */,
				B8747CE817BDCEF1007DE7BF /* ContainerViewController.h */,
				B8747CE917BDCEF1007DE7BF /* ContainerViewController.m */,
				B8C5CF3117C3B4AF00D9A66E /* StartViewController.h */,
				B8C5CF3217C3B4AF00D9A66E /* StartViewController.m */,
			);
			name = ViewControllers;
			sourceTree = "<group>";
		};
		B8C5CEF517C2A0C400D9A66E /* FlatUI_Classes */ = {
			isa = PBXGroup;
			children = (
				B8C5CEF617C2A0EE00D9A66E /* Classes */,
			);
			name = FlatUI_Classes;
			sourceTree = "<group>";
		};
		B8C5CEF617C2A0EE00D9A66E /* Classes */ = {
			isa = PBXGroup;
			children = (
				B8C5CEF717C2A0EE00D9A66E /* ios */,
			);
			path = Classes;
			sourceTree = "<group>";
		};
		B8C5CEF717C2A0EE00D9A66E /* ios */ = {
			isa = PBXGroup;
			children = (
				B8C5CEF817C2A0EE00D9A66E /* FlatUIKit.h */,
				B8C5CEF917C2A0EE00D9A66E /* FUIAlertView.h */,
				B8C5CEFA17C2A0EE00D9A66E /* FUIAlertView.m */,
				B8C5CEFB17C2A0EE00D9A66E /* FUIButton.h */,
				B8C5CEFC17C2A0EE00D9A66E /* FUIButton.m */,
				B8C5CEFD17C2A0EE00D9A66E /* FUICellBackgroundView.h */,
				B8C5CEFE17C2A0EE00D9A66E /* FUICellBackgroundView.m */,
				B8C5CEFF17C2A0EE00D9A66E /* FUIPopoverBackgroundView.h */,
				B8C5CF0017C2A0EE00D9A66E /* FUIPopoverBackgroundView.m */,
				B8C5CF0117C2A0EE00D9A66E /* FUISegmentedControl.h */,
				B8C5CF0217C2A0EE00D9A66E /* FUISegmentedControl.m */,
				B8C5CF0317C2A0EE00D9A66E /* FUISwitch.h */,
				B8C5CF0417C2A0EE00D9A66E /* FUISwitch.m */,
				B8C5CF0517C2A0EE00D9A66E /* UIBarButtonItem+FlatUI.h */,
				B8C5CF0617C2A0EE00D9A66E /* UIBarButtonItem+FlatUI.m */,
				B8C5CF0717C2A0EE00D9A66E /* UIColor+FlatUI.h */,
				B8C5CF0817C2A0EE00D9A66E /* UIColor+FlatUI.m */,
				B8C5CF0917C2A0EE00D9A66E /* UIFont+FlatUI.h */,
				B8C5CF0A17C2A0EE00D9A66E /* UIFont+FlatUI.m */,
				B8C5CF0B17C2A0EE00D9A66E /* UIImage+FlatUI.h */,
				B8C5CF0C17C2A0EE00D9A66E /* UIImage+FlatUI.m */,
				B8C5CF0D17C2A0EE00D9A66E /* UINavigationBar+FlatUI.h */,
				B8C5CF0E17C2A0EE00D9A66E /* UINavigationBar+FlatUI.m */,
				B8C5CF0F17C2A0EE00D9A66E /* UIPopoverController+FlatUI.h */,
				B8C5CF1017C2A0EE00D9A66E /* UIPopoverController+FlatUI.m */,
				B8C5CF1117C2A0EE00D9A66E /* UIProgressView+FlatUI.h */,
				B8C5CF1217C2A0EE00D9A66E /* UIProgressView+FlatUI.m */,
				B8C5CF1317C2A0EE00D9A66E /* UISlider+FlatUI.h */,
				B8C5CF1417C2A0EE00D9A66E /* UISlider+FlatUI.m */,
				B8C5CF1517C2A0EE00D9A66E /* UIStepper+FlatUI.h */,
				B8C5CF1617C2A0EE00D9A66E /* UIStepper+FlatUI.m */,
				B8C5CF1717C2A0EE00D9A66E /* UITabBar+FlatUI.h */,
				B8C5CF1817C2A0EE00D9A66E /* UITabBar+FlatUI.m */,
				B8C5CF1917C2A0EE00D9A66E /* UITableViewCell+FlatUI.h */,
				B8C5CF1A17C2A0EE00D9A66E /* UITableViewCell+FlatUI.m */,
				B8C5CF1B17C2A0EE00D9A66E /* UIToolbar+FlatUI.h */,
				B8C5CF1C17C2A0EE00D9A66E /* UIToolbar+FlatUI.m */,
			);
			path = ios;
			sourceTree = "<group>";
		};
		B8C5CF3417C3B90B00D9A66E /* Resources */ = {
			isa = PBXGroup;
			children = (
				B8C5CF3517C3B90B00D9A66E /* Lato-Black.ttf */,
				B8C5CF3617C3B90B00D9A66E /* Lato-BlackItalic.ttf */,
				B8C5CF3717C3B90B00D9A66E /* Lato-Bold.ttf */,
				B8C5CF3817C3B90B00D9A66E /* Lato-BoldItalic.ttf */,
				B8C5CF3917C3B90B00D9A66E /* Lato-Hairline.ttf */,
				B8C5CF3A17C3B90B00D9A66E /* Lato-HairlineItalic.ttf */,
				B8C5CF3B17C3B90B00D9A66E /* Lato-Italic.ttf */,
				B8C5CF3C17C3B90B00D9A66E /* Lato-Light.ttf */,
				B8C5CF3D17C3B90B00D9A66E /* Lato-LightItalic.ttf */,
				B8C5CF3E17C3B90B00D9A66E /* Lato-Regular.ttf */,
			);
			path = Resources;
			sourceTree = "<group>";
		};
/* End PBXGroup section */

/* Begin PBXNativeTarget section */
		04E5725F17BAC60800AD4441 /* NickOfTime */ = {
			isa = PBXNativeTarget;
			buildConfigurationList = 04E5728317BAC60800AD4441 /* Build configuration list for PBXNativeTarget "NickOfTime" */;
			buildPhases = (
				04E5725C17BAC60800AD4441 /* Sources */,
				04E5725D17BAC60800AD4441 /* Frameworks */,
				04E5725E17BAC60800AD4441 /* Resources */,
			);
			buildRules = (
			);
			dependencies = (
			);
			name = NickOfTime;
			productName = NickOfTime;
			productReference = 04E5726017BAC60800AD4441 /* NickOfTime.app */;
			productType = "com.apple.product-type.application";
		};
/* End PBXNativeTarget section */

/* Begin PBXProject section */
		04E5725817BAC60800AD4441 /* Project object */ = {
			isa = PBXProject;
			attributes = {
				LastUpgradeCheck = 0460;
				ORGANIZATIONNAME = TimeMonkeys;
				TargetAttributes = {
					04E5725F17BAC60800AD4441 = {
						DevelopmentTeam = N5CWT56BRW;
					};
				};
			};
			buildConfigurationList = 04E5725B17BAC60800AD4441 /* Build configuration list for PBXProject "NickOfTime" */;
			compatibilityVersion = "Xcode 3.2";
			developmentRegion = English;
			hasScannedForEncodings = 0;
			knownRegions = (
				en,
			);
			mainGroup = 04E5725717BAC60800AD4441;
			productRefGroup = 04E5726117BAC60800AD4441 /* Products */;
			projectDirPath = "";
			projectRoot = "";
			targets = (
				04E5725F17BAC60800AD4441 /* NickOfTime */,
			);
		};
/* End PBXProject section */

/* Begin PBXResourcesBuildPhase section */
		04E5725E17BAC60800AD4441 /* Resources */ = {
			isa = PBXResourcesBuildPhase;
			buildActionMask = 2147483647;
			files = (
				04E5726E17BAC60800AD4441 /* InfoPlist.strings in Resources */,
				04E5727617BAC60800AD4441 /* Default.png in Resources */,
				04E5727817BAC60800AD4441 /* Default@2x.png in Resources */,
				04E5727A17BAC60800AD4441 /* Default-568h@2x.png in Resources */,
				04E5727D17BAC60800AD4441 /* MainStoryboard.storyboard in Resources */,
				0494BCC117BE978E000947C0 /* blue_circle.png in Resources */,
				0494BCC217BE978E000947C0 /* blue_square.png in Resources */,
				0494BCC317BE978E000947C0 /* blue_triangle.png in Resources */,
				0494BCC417BE978E000947C0 /* green_circle.png in Resources */,
				0494BCC517BE978E000947C0 /* green_square.png in Resources */,
				0494BCC617BE978E000947C0 /* green_triangle.png in Resources */,
				0494BCC717BE978E000947C0 /* pink_circle.png in Resources */,
				0494BCC817BE978E000947C0 /* pink_square.png in Resources */,
				0494BCC917BE978E000947C0 /* pink_triangle.png in Resources */,
				B8C5CF3F17C3B90B00D9A66E /* Lato-Black.ttf in Resources */,
				B8C5CF4017C3B90B00D9A66E /* Lato-BlackItalic.ttf in Resources */,
				B8C5CF4117C3B90B00D9A66E /* Lato-Bold.ttf in Resources */,
				B8C5CF4217C3B90B00D9A66E /* Lato-BoldItalic.ttf in Resources */,
				B8C5CF4317C3B90B00D9A66E /* Lato-Hairline.ttf in Resources */,
				B8C5CF4417C3B90B00D9A66E /* Lato-HairlineItalic.ttf in Resources */,
				B8C5CF4517C3B90B00D9A66E /* Lato-Italic.ttf in Resources */,
				B8C5CF4617C3B90B00D9A66E /* Lato-Light.ttf in Resources */,
				B8C5CF4717C3B90B00D9A66E /* Lato-LightItalic.ttf in Resources */,
				B8C5CF4817C3B90B00D9A66E /* Lato-Regular.ttf in Resources */,
			);
			runOnlyForDeploymentPostprocessing = 0;
		};
/* End PBXResourcesBuildPhase section */

/* Begin PBXSourcesBuildPhase section */
		04E5725C17BAC60800AD4441 /* Sources */ = {
			isa = PBXSourcesBuildPhase;
			buildActionMask = 2147483647;
			files = (
				04E5727017BAC60800AD4441 /* main.m in Sources */,
				04E5727417BAC60800AD4441 /* AppDelegate.m in Sources */,
				04E5728017BAC60800AD4441 /* ViewController.m in Sources */,
				B8747CE017BDCDE9007DE7BF /* SwipeViewController.m in Sources */,
				B8747CE317BDCDF6007DE7BF /* FindTheObjectViewController.m in Sources */,
				B8747CE617BDCE01007DE7BF /* PressButtonViewController.m in Sources */,
				B8747CEA17BDCEF1007DE7BF /* ContainerViewController.m in Sources */,
				B8747CED17BDD5AF007DE7BF /* EmptySegue.m in Sources */,
				0494BCCC17BE9A2E000947C0 /* ShapeView.m in Sources */,
				B8C5CF1D17C2A0EE00D9A66E /* FUIAlertView.m in Sources */,
				B8C5CF1E17C2A0EE00D9A66E /* FUIButton.m in Sources */,
				B8C5CF1F17C2A0EE00D9A66E /* FUICellBackgroundView.m in Sources */,
				B8C5CF2017C2A0EE00D9A66E /* FUIPopoverBackgroundView.m in Sources */,
				B8C5CF2117C2A0EE00D9A66E /* FUISegmentedControl.m in Sources */,
				B8C5CF2217C2A0EE00D9A66E /* FUISwitch.m in Sources */,
				B8C5CF2317C2A0EE00D9A66E /* UIBarButtonItem+FlatUI.m in Sources */,
				B8C5CF2417C2A0EE00D9A66E /* UIColor+FlatUI.m in Sources */,
				B8C5CF2517C2A0EE00D9A66E /* UIFont+FlatUI.m in Sources */,
				B8C5CF2617C2A0EE00D9A66E /* UIImage+FlatUI.m in Sources */,
				B8C5CF2717C2A0EE00D9A66E /* UINavigationBar+FlatUI.m in Sources */,
				B8C5CF2817C2A0EE00D9A66E /* UIPopoverController+FlatUI.m in Sources */,
				B8C5CF2917C2A0EE00D9A66E /* UIProgressView+FlatUI.m in Sources */,
				B8C5CF2A17C2A0EE00D9A66E /* UISlider+FlatUI.m in Sources */,
				B8C5CF2B17C2A0EE00D9A66E /* UIStepper+FlatUI.m in Sources */,
				B8C5CF2C17C2A0EE00D9A66E /* UITabBar+FlatUI.m in Sources */,
				B8C5CF2D17C2A0EE00D9A66E /* UITableViewCell+FlatUI.m in Sources */,
				B8C5CF2E17C2A0EE00D9A66E /* UIToolbar+FlatUI.m in Sources */,
				B8C5CF3317C3B4AF00D9A66E /* StartViewController.m in Sources */,
				B8C5CF4B17C3FB8100D9A66E /* CompletedGameView.m in Sources */,
				612BAC9017C69E8100F702E0 /* ColorButtons.m in Sources */,
			);
			runOnlyForDeploymentPostprocessing = 0;
		};
/* End PBXSourcesBuildPhase section */

/* Begin PBXVariantGroup section */
		04E5726C17BAC60800AD4441 /* InfoPlist.strings */ = {
			isa = PBXVariantGroup;
			children = (
				04E5726D17BAC60800AD4441 /* en */,
			);
			name = InfoPlist.strings;
			sourceTree = "<group>";
		};
		04E5727B17BAC60800AD4441 /* MainStoryboard.storyboard */ = {
			isa = PBXVariantGroup;
			children = (
				04E5727C17BAC60800AD4441 /* en */,
			);
			name = MainStoryboard.storyboard;
			sourceTree = "<group>";
		};
/* End PBXVariantGroup section */

/* Begin XCBuildConfiguration section */
		04E5728117BAC60800AD4441 /* Debug */ = {
			isa = XCBuildConfiguration;
			buildSettings = {
				ALWAYS_SEARCH_USER_PATHS = NO;
				CLANG_CXX_LANGUAGE_STANDARD = "gnu++0x";
				CLANG_CXX_LIBRARY = "libc++";
				CLANG_ENABLE_OBJC_ARC = YES;
				CLANG_WARN_CONSTANT_CONVERSION = YES;
				CLANG_WARN_EMPTY_BODY = YES;
				CLANG_WARN_ENUM_CONVERSION = YES;
				CLANG_WARN_INT_CONVERSION = YES;
				CLANG_WARN__DUPLICATE_METHOD_MATCH = YES;
				CODE_SIGN_IDENTITY = "iPhone Developer";
				"CODE_SIGN_IDENTITY[sdk=iphoneos*]" = "";
				COPY_PHASE_STRIP = NO;
				GCC_C_LANGUAGE_STANDARD = gnu99;
				GCC_DYNAMIC_NO_PIC = NO;
				GCC_OPTIMIZATION_LEVEL = 0;
				GCC_PREPROCESSOR_DEFINITIONS = (
					"DEBUG=1",
					"$(inherited)",
				);
				GCC_SYMBOLS_PRIVATE_EXTERN = NO;
				GCC_WARN_ABOUT_RETURN_TYPE = YES;
				GCC_WARN_UNINITIALIZED_AUTOS = YES;
				GCC_WARN_UNUSED_VARIABLE = YES;
				IPHONEOS_DEPLOYMENT_TARGET = 6.1;
				ONLY_ACTIVE_ARCH = YES;
				PROVISIONING_PROFILE = "";
				SDKROOT = iphoneos;
			};
			name = Debug;
		};
		04E5728217BAC60800AD4441 /* Release */ = {
			isa = XCBuildConfiguration;
			buildSettings = {
				ALWAYS_SEARCH_USER_PATHS = NO;
				CLANG_CXX_LANGUAGE_STANDARD = "gnu++0x";
				CLANG_CXX_LIBRARY = "libc++";
				CLANG_ENABLE_OBJC_ARC = YES;
				CLANG_WARN_CONSTANT_CONVERSION = YES;
				CLANG_WARN_EMPTY_BODY = YES;
				CLANG_WARN_ENUM_CONVERSION = YES;
				CLANG_WARN_INT_CONVERSION = YES;
				CLANG_WARN__DUPLICATE_METHOD_MATCH = YES;
				CODE_SIGN_IDENTITY = "iPhone Developer";
				"CODE_SIGN_IDENTITY[sdk=*]" = "";
				COPY_PHASE_STRIP = YES;
				GCC_C_LANGUAGE_STANDARD = gnu99;
				GCC_WARN_ABOUT_RETURN_TYPE = YES;
				GCC_WARN_UNINITIALIZED_AUTOS = YES;
				GCC_WARN_UNUSED_VARIABLE = YES;
				IPHONEOS_DEPLOYMENT_TARGET = 6.1;
				ONLY_ACTIVE_ARCH = NO;
				OTHER_CFLAGS = "-DNS_BLOCK_ASSERTIONS=1";
				PROVISIONING_PROFILE = "";
				SDKROOT = iphoneos;
				VALIDATE_PRODUCT = YES;
			};
			name = Release;
		};
		04E5728417BAC60800AD4441 /* Debug */ = {
			isa = XCBuildConfiguration;
			buildSettings = {
				CODE_SIGN_IDENTITY = "iPhone Developer";
				"CODE_SIGN_IDENTITY[sdk=iphoneos*]" = "iPhone Developer";
				GCC_PRECOMPILE_PREFIX_HEADER = YES;
				GCC_PREFIX_HEADER = "NickOfTime/NickOfTime-Prefix.pch";
				INFOPLIST_FILE = "NickOfTime/NickOfTime-Info.plist";
				PRODUCT_NAME = "$(TARGET_NAME)";
				PROVISIONING_PROFILE = "";
				"PROVISIONING_PROFILE[sdk=iphoneos*]" = "";
				WRAPPER_EXTENSION = app;
			};
			name = Debug;
		};
		04E5728517BAC60800AD4441 /* Release */ = {
			isa = XCBuildConfiguration;
			buildSettings = {
				CODE_SIGN_IDENTITY = "iPhone Developer";
				"CODE_SIGN_IDENTITY[sdk=iphoneos*]" = "iPhone Developer";
				GCC_PRECOMPILE_PREFIX_HEADER = YES;
				GCC_PREFIX_HEADER = "NickOfTime/NickOfTime-Prefix.pch";
				INFOPLIST_FILE = "NickOfTime/NickOfTime-Info.plist";
				PRODUCT_NAME = "$(TARGET_NAME)";
				PROVISIONING_PROFILE = "";
				"PROVISIONING_PROFILE[sdk=iphoneos*]" = "DF2C375B-3C2B-4416-AE6E-8274C8D0E854";
				WRAPPER_EXTENSION = app;
			};
			name = Release;
		};
/* End XCBuildConfiguration section */

/* Begin XCConfigurationList section */
		04E5725B17BAC60800AD4441 /* Build configuration list for PBXProject "NickOfTime" */ = {
			isa = XCConfigurationList;
			buildConfigurations = (
				04E5728117BAC60800AD4441 /* Debug */,
				04E5728217BAC60800AD4441 /* Release */,
			);
			defaultConfigurationIsVisible = 0;
			defaultConfigurationName = Release;
		};
		04E5728317BAC60800AD4441 /* Build configuration list for PBXNativeTarget "NickOfTime" */ = {
			isa = XCConfigurationList;
			buildConfigurations = (
				04E5728417BAC60800AD4441 /* Debug */,
				04E5728517BAC60800AD4441 /* Release */,
			);
			defaultConfigurationIsVisible = 0;
			defaultConfigurationName = Release;
		};
/* End XCConfigurationList section */
	};
	rootObject = 04E5725817BAC60800AD4441 /* Project object */;
}
